
Microsoft Visual Studio Solution File, Format Version 12.00
# Visual Studio Version 17
VisualStudioVersion = 17.7.34009.444
MinimumVisualStudioVersion = 10.0.40219.1
Project("{FAE04EC0-301F-11D3-BF4B-00C04F79EFBC}") = "prjDB_GamingForm_Show", "prjDB_GamingForm_Show\prjDB_GamingForm_Show.csproj", "{7BA9D309-1EE2-4345-940A-6DA8EFDFFD89}"
EndProject
Global
	GlobalSection(SolutionConfigurationPlatforms) = preSolution
		Debug|Any CPU = Debug|Any CPU
		Release|Any CPU = Release|Any CPU
	EndGlobalSection
	GlobalSection(ProjectConfigurationPlatforms) = postSolution
		{7BA9D309-1EE2-4345-940A-6DA8EFDFFD89}.Debug|Any CPU.ActiveCfg = Debug|Any CPU
		{7BA9D309-1EE2-4345-940A-6DA8EFDFFD89}.Debug|Any CPU.Build.0 = Debug|Any CPU
		{7BA9D309-1EE2-4345-940A-6DA8EFDFFD89}.Release|Any CPU.ActiveCfg = Release|Any CPU
		{7BA9D309-1EE2-4345-940A-6DA8EFDFFD89}.Release|Any CPU.Build.0 = Release|Any CPU
	EndGlobalSection
	GlobalSection(SolutionProperties) = preSolution
		HideSolutionNode = FALSE
	EndGlobalSection
	GlobalSection(ExtensibilityGlobals) = postSolution
		SolutionGuid = {3D82E1E2-991E-4A42-82D8-C4AC42A72888}
	EndGlobalSection
EndGlobal
